{
  "name": "Manio",
  "lockfileVersion": 3,
  "requires": true,
  "packages": {
    "": {
      "dependencies": {
        "three": "^0.150.1",
        "threejs-toys": "^0.0.8"
      }
    },
    "node_modules/three": {
      "version": "0.150.1",
      "resolved": "https://registry.npmjs.org/three/-/three-0.150.1.tgz",
      "integrity": "sha512-5C1MqKUWaHYo13BX0Q64qcdwImgnnjSOFgBscOzAo8MYCzEtqfQqorEKMcajnA3FHy1yVlIe9AmaMQ0OQracNA=="
    },
    "node_modules/threejs-toys": {
      "version": "0.0.8",
      "resolved": "https://registry.npmjs.org/threejs-toys/-/threejs-toys-0.0.8.tgz",
      "integrity": "sha512-FTlSVbNJQA4KhMTvDrcsSrfUH5hQzzzyZ9HQk76p6V4kY5O7zoH1zb0tAnir4kDaMupANNW5Ra7ur98+Fjg4bQ=="
    }
  }
}
